// !$*UTF8*$!
{
	archiveVersion = 1;
	classes = {
	};
	objectVersion = 46;
	objects = {

/* Begin PBXBuildFile section */
		067B816B1DC79F290060F3B9 /* Network.m in Sources */ = {isa = PBXBuildFile; fileRef = 067B816A1DC79F290060F3B9 /* Network.m */; };
		067B816E1DC7C1440060F3B9 /* Model.m in Sources */ = {isa = PBXBuildFile; fileRef = 067B816D1DC7C1440060F3B9 /* Model.m */; };
		067B81711DC7C8E90060F3B9 /* TopLinksViewController.m in Sources */ = {isa = PBXBuildFile; fileRef = 067B81701DC7C8E90060F3B9 /* TopLinksViewController.m */; };
		06B95AC21DC9341E00404D29 /* FilterViewController.xib in Resources */ = {isa = PBXBuildFile; fileRef = 06B95AC11DC9341E00404D29 /* FilterViewController.xib */; };
		06B95AC51DC9365400404D29 /* FilterViewController.m in Sources */ = {isa = PBXBuildFile; fileRef = 06B95AC41DC9365400404D29 /* FilterViewController.m */; };
		06DC6B101DC3D47900933AFF /* main.m in Sources */ = {isa = PBXBuildFile; fileRef = 06DC6B0F1DC3D47900933AFF /* main.m */; };
		06DC6B131DC3D47900933AFF /* AppDelegate.m in Sources */ = {isa = PBXBuildFile; fileRef = 06DC6B121DC3D47900933AFF /* AppDelegate.m */; };
		06DC6B191DC3D47900933AFF /* Main.storyboard in Resources */ = {isa = PBXBuildFile; fileRef = 06DC6B171DC3D47900933AFF /* Main.storyboard */; };
		06DC6B1B1DC3D47900933AFF /* Assets.xcassets in Resources */ = {isa = PBXBuildFile; fileRef = 06DC6B1A1DC3D47900933AFF /* Assets.xcassets */; };
		06DC6B1E1DC3D47900933AFF /* LaunchScreen.storyboard in Resources */ = {isa = PBXBuildFile; fileRef = 06DC6B1C1DC3D47900933AFF /* LaunchScreen.storyboard */; };
		A659817F69EAB0872103EA7A /* libPods-TopTest.a in Frameworks */ = {isa = PBXBuildFile; fileRef = 535C349167AD05A19C345AEE /* libPods-TopTest.a */; };
/* End PBXBuildFile section */

/* Begin PBXFileReference section */
		067B81691DC79F290060F3B9 /* Network.h */ = {isa = PBXFileReference; fileEncoding = 4; lastKnownFileType = sourcecode.c.h; path = Network.h; sourceTree = "<group>"; };
		067B816A1DC79F290060F3B9 /* Network.m */ = {isa = PBXFileReference; fileEncoding = 4; lastKnownFileType = sourcecode.c.objc; path = Network.m; sourceTree = "<group>"; };
		067B816C1DC7C1440060F3B9 /* Model.h */ = {isa = PBXFileReference; fileEncoding = 4; lastKnownFileType = sourcecode.c.h; path = Model.h; sourceTree = "<group>"; };
		067B816D1DC7C1440060F3B9 /* Model.m */ = {isa = PBXFileReference; fileEncoding = 4; lastKnownFileType = sourcecode.c.objc; path = Model.m; sourceTree = "<group>"; };
		067B816F1DC7C8E90060F3B9 /* TopLinksViewController.h */ = {isa = PBXFileReference; fileEncoding = 4; lastKnownFileType = sourcecode.c.h; path = TopLinksViewController.h; sourceTree = "<group>"; };
		067B81701DC7C8E90060F3B9 /* TopLinksViewController.m */ = {isa = PBXFileReference; fileEncoding = 4; lastKnownFileType = sourcecode.c.objc; path = TopLinksViewController.m; sourceTree = "<group>"; };
		06B95AC11DC9341E00404D29 /* FilterViewController.xib */ = {isa = PBXFileReference; fileEncoding = 4; lastKnownFileType = file.xib; path = FilterViewController.xib; sourceTree = "<group>"; };
		06B95AC31DC9365400404D29 /* FilterViewController.h */ = {isa = PBXFileReference; fileEncoding = 4; lastKnownFileType = sourcecode.c.h; path = FilterViewController.h; sourceTree = "<group>"; };
		06B95AC41DC9365400404D29 /* FilterViewController.m */ = {isa = PBXFileReference; fileEncoding = 4; lastKnownFileType = sourcecode.c.objc; path = FilterViewController.m; sourceTree = "<group>"; };
		06DC6B0B1DC3D47900933AFF /* TopTest.app */ = {isa = PBXFileReference; explicitFileType = wrapper.application; includeInIndex = 0; path = TopTest.app; sourceTree = BUILT_PRODUCTS_DIR; };
		06DC6B0F1DC3D47900933AFF /* main.m */ = {isa = PBXFileReference; lastKnownFileType = sourcecode.c.objc; path = main.m; sourceTree = "<group>"; };
		06DC6B111DC3D47900933AFF /* AppDelegate.h */ = {isa = PBXFileReference; lastKnownFileType = sourcecode.c.h; path = AppDelegate.h; sourceTree = "<group>"; };
		06DC6B121DC3D47900933AFF /* AppDelegate.m */ = {isa = PBXFileReference; lastKnownFileType = sourcecode.c.objc; path = AppDelegate.m; sourceTree = "<group>"; };
		06DC6B181DC3D47900933AFF /* Base */ = {isa = PBXFileReference; lastKnownFileType = file.storyboard; name = Base; path = Base.lproj/Main.storyboard; sourceTree = "<group>"; };
		06DC6B1A1DC3D47900933AFF /* Assets.xcassets */ = {isa = PBXFileReference; lastKnownFileType = folder.assetcatalog; path = Assets.xcassets; sourceTree = "<group>"; };
		06DC6B1D1DC3D47900933AFF /* Base */ = {isa = PBXFileReference; lastKnownFileType = file.storyboard; name = Base; path = Base.lproj/LaunchScreen.storyboard; sourceTree = "<group>"; };
		06DC6B1F1DC3D47900933AFF /* Info.plist */ = {isa = PBXFileReference; lastKnownFileType = text.plist.xml; path = Info.plist; sourceTree = "<group>"; };
		535C349167AD05A19C345AEE /* libPods-TopTest.a */ = {isa = PBXFileReference; explicitFileType = archive.ar; includeInIndex = 0; path = "libPods-TopTest.a"; sourceTree = BUILT_PRODUCTS_DIR; };
		C41AD25812E34BA364834A1F /* Pods-TopTest.debug.xcconfig */ = {isa = PBXFileReference; includeInIndex = 1; lastKnownFileType = text.xcconfig; name = "Pods-TopTest.debug.xcconfig"; path = "Pods/Target Support Files/Pods-TopTest/Pods-TopTest.debug.xcconfig"; sourceTree = "<group>"; };
		D929BF62CFDC8C7582D53B68 /* Pods-TopTest.release.xcconfig */ = {isa = PBXFileReference; includeInIndex = 1; lastKnownFileType = text.xcconfig; name = "Pods-TopTest.release.xcconfig"; path = "Pods/Target Support Files/Pods-TopTest/Pods-TopTest.release.xcconfig"; sourceTree = "<group>"; };
/* End PBXFileReference section */

/* Begin PBXFrameworksBuildPhase section */
		06DC6B081DC3D47900933AFF /* Frameworks */ = {
			isa = PBXFrameworksBuildPhase;
			buildActionMask = 2147483647;
			files = (
				A659817F69EAB0872103EA7A /* libPods-TopTest.a in Frameworks */,
			);
			runOnlyForDeploymentPostprocessing = 0;
		};
/* End PBXFrameworksBuildPhase section */

/* Begin PBXGroup section */
		06DC6B021DC3D47900933AFF = {
			isa = PBXGroup;
			children = (
				06DC6B0D1DC3D47900933AFF /* TopTest */,
				06DC6B0C1DC3D47900933AFF /* Products */,
				A73006F6D46303325E05B410 /* Pods */,
				0A9254B03458F82B63AEB5BC /* Frameworks */,
			);
			sourceTree = "<group>";
		};
		06DC6B0C1DC3D47900933AFF /* Products */ = {
			isa = PBXGroup;
			children = (
				06DC6B0B1DC3D47900933AFF /* TopTest.app */,
			);
			name = Products;
			sourceTree = "<group>";
		};
		06DC6B0D1DC3D47900933AFF /* TopTest */ = {
			isa = PBXGroup;
			children = (
				06DC6B111DC3D47900933AFF /* AppDelegate.h */,
				06DC6B121DC3D47900933AFF /* AppDelegate.m */,
				067B816C1DC7C1440060F3B9 /* Model.h */,
				067B816D1DC7C1440060F3B9 /* Model.m */,
				067B81691DC79F290060F3B9 /* Network.h */,
				067B816A1DC79F290060F3B9 /* Network.m */,
				06B95AC31DC9365400404D29 /* FilterViewController.h */,
				06B95AC41DC9365400404D29 /* FilterViewController.m */,
				06B95AC11DC9341E00404D29 /* FilterViewController.xib */,
				067B816F1DC7C8E90060F3B9 /* TopLinksViewController.h */,
				067B81701DC7C8E90060F3B9 /* TopLinksViewController.m */,
				06DC6B171DC3D47900933AFF /* Main.storyboard */,
				06DC6B1A1DC3D47900933AFF /* Assets.xcassets */,
				06DC6B1C1DC3D47900933AFF /* LaunchScreen.storyboard */,
				06DC6B1F1DC3D47900933AFF /* Info.plist */,
				06DC6B0E1DC3D47900933AFF /* Supporting Files */,
			);
			path = TopTest;
			sourceTree = "<group>";
		};
		06DC6B0E1DC3D47900933AFF /* Supporting Files */ = {
			isa = PBXGroup;
			children = (
				06DC6B0F1DC3D47900933AFF /* main.m */,
			);
			name = "Supporting Files";
			sourceTree = "<group>";
		};
		0A9254B03458F82B63AEB5BC /* Frameworks */ = {
			isa = PBXGroup;
			children = (
				535C349167AD05A19C345AEE /* libPods-TopTest.a */,
			);
			name = Frameworks;
			sourceTree = "<group>";
		};
		A73006F6D46303325E05B410 /* Pods */ = {
			isa = PBXGroup;
			children = (
				C41AD25812E34BA364834A1F /* Pods-TopTest.debug.xcconfig */,
				D929BF62CFDC8C7582D53B68 /* Pods-TopTest.release.xcconfig */,
			);
			name = Pods;
			sourceTree = "<group>";
		};
/* End PBXGroup section */

/* Begin PBXNativeTarget section */
		06DC6B0A1DC3D47900933AFF /* TopTest */ = {
			isa = PBXNativeTarget;
			buildConfigurationList = 06DC6B221DC3D47900933AFF /* Build configuration list for PBXNativeTarget "TopTest" */;
			buildPhases = (
				CF87B64CF02FD02B7FE80926 /* [CP] Check Pods Manifest.lock */,
				06DC6B071DC3D47900933AFF /* Sources */,
				06DC6B081DC3D47900933AFF /* Frameworks */,
				06DC6B091DC3D47900933AFF /* Resources */,
				22759DFB2E7981BE07CFD83C /* [CP] Embed Pods Frameworks */,
				9F8EAD4DB428FAF0E5312599 /* [CP] Copy Pods Resources */,
			);
			buildRules = (
			);
			dependencies = (
			);
			name = TopTest;
			productName = TopTest;
			productReference = 06DC6B0B1DC3D47900933AFF /* TopTest.app */;
			productType = "com.apple.product-type.application";
		};
/* End PBXNativeTarget section */

/* Begin PBXProject section */
		06DC6B031DC3D47900933AFF /* Project object */ = {
			isa = PBXProject;
			attributes = {
				LastUpgradeCheck = 0810;
				ORGANIZATIONNAME = "Yanelsy Rivera";
				TargetAttributes = {
					06DC6B0A1DC3D47900933AFF = {
						CreatedOnToolsVersion = 8.1;
						ProvisioningStyle = Automatic;
					};
				};
			};
			buildConfigurationList = 06DC6B061DC3D47900933AFF /* Build configuration list for PBXProject "TopTest" */;
			compatibilityVersion = "Xcode 3.2";
			developmentRegion = English;
			hasScannedForEncodings = 0;
			knownRegions = (
				en,
				Base,
			);
			mainGroup = 06DC6B021DC3D47900933AFF;
			productRefGroup = 06DC6B0C1DC3D47900933AFF /* Products */;
			projectDirPath = "";
			projectRoot = "";
			targets = (
				06DC6B0A1DC3D47900933AFF /* TopTest */,
			);
		};
/* End PBXProject section */

/* Begin PBXResourcesBuildPhase section */
		06DC6B091DC3D47900933AFF /* Resources */ = {
			isa = PBXResourcesBuildPhase;
			buildActionMask = 2147483647;
			files = (
				06B95AC21DC9341E00404D29 /* FilterViewController.xib in Resources */,
				06DC6B1E1DC3D47900933AFF /* LaunchScreen.storyboard in Resources */,
				06DC6B1B1DC3D47900933AFF /* Assets.xcassets in Resources */,
				06DC6B191DC3D47900933AFF /* Main.storyboard in Resources */,
			);
			runOnlyForDeploymentPostprocessing = 0;
		};
/* End PBXResourcesBuildPhase section */

/* Begin PBXShellScriptBuildPhase section */
		22759DFB2E7981BE07CFD83C /* [CP] Embed Pods Frameworks */ = {
			isa = PBXShellScriptBuildPhase;
			buildActionMask = 2147483647;
			files = (
			);
			inputPaths = (
			);
			name = "[CP] Embed Pods Frameworks";
			outputPaths = (
			);
			runOnlyForDeploymentPostprocessing = 0;
			shellPath = /bin/sh;
			shellScript = "\"${SRCROOT}/Pods/Target Support Files/Pods-TopTest/Pods-TopTest-frameworks.sh\"\n";
			showEnvVarsInLog = 0;
		};
		9F8EAD4DB428FAF0E5312599 /* [CP] Copy Pods Resources */ = {
			isa = PBXShellScriptBuildPhase;
			buildActionMask = 2147483647;
			files = (
			);
			inputPaths = (
			);
			name = "[CP] Copy Pods Resources";
			outputPaths = (
			);
			runOnlyForDeploymentPostprocessing = 0;
			shellPath = /bin/sh;
			shellScript = "\"${SRCROOT}/Pods/Target Support Files/Pods-TopTest/Pods-TopTest-resources.sh\"\n";
			showEnvVarsInLog = 0;
		};
		CF87B64CF02FD02B7FE80926 /* [CP] Check Pods Manifest.lock */ = {
			isa = PBXShellScriptBuildPhase;
			buildActionMask = 2147483647;
			files = (
			);
			inputPaths = (
			);
			name = "[CP] Check Pods Manifest.lock";
			outputPaths = (
			);
			runOnlyForDeploymentPostprocessing = 0;
			shellPath = /bin/sh;
			shellScript = "diff \"${PODS_ROOT}/../Podfile.lock\" \"${PODS_ROOT}/Manifest.lock\" > /dev/null\nif [[ $? != 0 ]] ; then\n    cat << EOM\nerror: The sandbox is not in sync with the Podfile.lock. Run 'pod install' or update your CocoaPods installation.\nEOM\n    exit 1\nfi\n";
			showEnvVarsInLog = 0;
		};
/* End PBXShellScriptBuildPhase section */

/* Begin PBXSourcesBuildPhase section */
		06DC6B071DC3D47900933AFF /* Sources */ = {
			isa = PBXSourcesBuildPhase;
			buildActionMask = 2147483647;
			files = (
				06DC6B131DC3D47900933AFF /* AppDelegate.m in Sources */,
				067B816B1DC79F290060F3B9 /* Network.m in Sources */,
				06DC6B101DC3D47900933AFF /* main.m in Sources */,
				067B81711DC7C8E90060F3B9 /* TopLinksViewController.m in Sources */,
				06B95AC51DC9365400404D29 /* FilterViewController.m in Sources */,
				067B816E1DC7C1440060F3B9 /* Model.m in Sources */,
			);
			runOnlyForDeploymentPostprocessing = 0;
		};
/* End PBXSourcesBuildPhase section */

/* Begin PBXVariantGroup section */
		06DC6B171DC3D47900933AFF /* Main.storyboard */ = {
			isa = PBXVariantGroup;
			children = (
				06DC6B181DC3D47900933AFF /* Base */,
			);
			name = Main.storyboard;
			sourceTree = "<group>";
		};
		06DC6B1C1DC3D47900933AFF /* LaunchScreen.storyboard */ = {
			isa = PBXVariantGroup;
			children = (
				06DC6B1D1DC3D47900933AFF /* Base */,
			);
			name = LaunchScreen.storyboard;
			sourceTree = "<group>";
		};
/* End PBXVariantGroup section */

/* Begin XCBuildConfiguration section */
		06DC6B201DC3D47900933AFF /* Debug */ = {
			isa = XCBuildConfiguration;
			buildSettings = {
				ALWAYS_SEARCH_USER_PATHS = NO;
				CLANG_ANALYZER_NONNULL = YES;
				CLANG_CXX_LANGUAGE_STANDARD = "gnu++0x";
				CLANG_CXX_LIBRARY = "libc++";
				CLANG_ENABLE_MODULES = YES;
				CLANG_ENABLE_OBJC_ARC = YES;
				CLANG_WARN_BOOL_CONVERSION = YES;
				CLANG_WARN_CONSTANT_CONVERSION = YES;
				CLANG_WARN_DIRECT_OBJC_ISA_USAGE = YES_ERROR;
				CLANG_WARN_DOCUMENTATION_COMMENTS = YES;
				CLANG_WARN_EMPTY_BODY = YES;
				CLANG_WARN_ENUM_CONVERSION = YES;
				CLANG_WARN_INFINITE_RECURSION = YES;
				CLANG_WARN_INT_CONVERSION = YES;
				CLANG_WARN_OBJC_ROOT_CLASS = YES_ERROR;
				CLANG_WARN_SUSPICIOUS_MOVES = YES;
				CLANG_WARN_UNREACHABLE_CODE = YES;
				CLANG_WARN__DUPLICATE_METHOD_MATCH = YES;
				"CODE_SIGN_IDENTITY[sdk=iphoneos*]" = "iPhone Developer";
				COPY_PHASE_STRIP = NO;
				DEBUG_INFORMATION_FORMAT = dwarf;
				ENABLE_STRICT_OBJC_MSGSEND = YES;
				ENABLE_TESTABILITY = YES;
				GCC_C_LANGUAGE_STANDARD = gnu99;
				GCC_DYNAMIC_NO_PIC = NO;
				GCC_NO_COMMON_BLOCKS = YES;
				GCC_OPTIMIZATION_LEVEL = 0;
				GCC_PREPROCESSOR_DEFINITIONS = (
					"DEBUG=1",
					"$(inherited)",
				);
				GCC_WARN_64_TO_32_BIT_CONVERSION = YES;
				GCC_WARN_ABOUT_RETURN_TYPE = YES_ERROR;
				GCC_WARN_UNDECLARED_SELECTOR = YES;
				GCC_WARN_UNINITIALIZED_AUTOS = YES_AGGRESSIVE;
				GCC_WARN_UNUSED_FUNCTION = YES;
				GCC_WARN_UNUSED_VARIABLE = YES;
				IPHONEOS_DEPLOYMENT_TARGET = 10.1;
				MTL_ENABLE_DEBUG_INFO = YES;
				ONLY_ACTIVE_ARCH = YES;
				SDKROOT = iphoneos;
			};
			name = Debug;
		};
		06DC6B211DC3D47900933AFF /* Release */ = {
			isa = XCBuildConfiguration;
			buildSettings = {
				ALWAYS_SEARCH_USER_PATHS = NO;
				CLANG_ANALYZER_NONNULL = YES;
				CLANG_CXX_LANGUAGE_STANDARD = "gnu++0x";
				CLANG_CXX_LIBRARY = "libc++";
				CLANG_ENABLE_MODULES = YES;
				CLANG_ENABLE_OBJC_ARC = YES;
				CLANG_WARN_BOOL_CONVERSION = YES;
				CLANG_WARN_CONSTANT_CONVERSION = YES;
				CLANG_WARN_DIRECT_OBJC_ISA_USAGE = YES_ERROR;
				CLANG_WARN_DOCUMENTATION_COMMENTS = YES;
				CLANG_WARN_EMPTY_BODY = YES;
				CLANG_WARN_ENUM_CONVERSION = YES;
				CLANG_WARN_INFINITE_RECURSION = YES;
				CLANG_WARN_INT_CONVERSION = YES;
				CLANG_WARN_OBJC_ROOT_CLASS = YES_ERROR;
				CLANG_WARN_SUSPICIOUS_MOVES = YES;
				CLANG_WARN_UNREACHABLE_CODE = YES;
				CLANG_WARN__DUPLICATE_METHOD_MATCH = YES;
				"CODE_SIGN_IDENTITY[sdk=iphoneos*]" = "iPhone Developer";
				COPY_PHASE_STRIP = NO;
				DEBUG_INFORMATION_FORMAT = "dwarf-with-dsym";
				ENABLE_NS_ASSERTIONS = NO;
				ENABLE_STRICT_OBJC_MSGSEND = YES;
				GCC_C_LANGUAGE_STANDARD = gnu99;
				GCC_NO_COMMON_BLOCKS = YES;
				GCC_WARN_64_TO_32_BIT_CONVERSION = YES;
				GCC_WARN_ABOUT_RETURN_TYPE = YES_ERROR;
				GCC_WARN_UNDECLARED_SELECTOR = YES;
				GCC_WARN_UNINITIALIZED_AUTOS = YES_AGGRESSIVE;
				GCC_WARN_UNUSED_FUNCTION = YES;
				GCC_WARN_UNUSED_VARIABLE = YES;
				IPHONEOS_DEPLOYMENT_TARGET = 10.1;
				MTL_ENABLE_DEBUG_INFO = NO;
				SDKROOT = iphoneos;
				VALIDATE_PRODUCT = YES;
			};
			name = Release;
		};
		06DC6B231DC3D47900933AFF /* Debug */ = {
			isa = XCBuildConfiguration;
			baseConfigurationReference = C41AD25812E34BA364834A1F /* Pods-TopTest.debug.xcconfig */;
			buildSettings = {
				ASSETCATALOG_COMPILER_APPICON_NAME = AppIcon;
				INFOPLIST_FILE = TopTest/Info.plist;
				IPHONEOS_DEPLOYMENT_TARGET = 8.3;
				LD_RUNPATH_SEARCH_PATHS = "$(inherited) @executable_path/Frameworks";
				PRODUCT_BUNDLE_IDENTIFIER = com.rivera.TopTest;
				PRODUCT_NAME = "$(TARGET_NAME)";
				TARGETED_DEVICE_FAMILY = 1;
			};
			name = Debug;
		};
		06DC6B241DC3D47900933AFF /* Release */ = {
			isa = XCBuildConfiguration;
			baseConfigurationReference = D929BF62CFDC8C7582D53B68 /* Pods-TopTest.release.xcconfig */;
			buildSettings = {
				ASSETCATALOG_COMPILER_APPICON_NAME = AppIcon;
				INFOPLIST_FILE = TopTest/Info.plist;
				IPHONEOS_DEPLOYMENT_TARGET = 8.3;
				LD_RUNPATH_SEARCH_PATHS = "$(inherited) @executable_path/Frameworks";
				PRODUCT_BUNDLE_IDENTIFIER = com.rivera.TopTest;
				PRODUCT_NAME = "$(TARGET_NAME)";
				TARGETED_DEVICE_FAMILY = 1;
			};
			name = Release;
		};
/* End XCBuildConfiguration section */

/* Begin XCConfigurationList section */
		06DC6B061DC3D47900933AFF /* Build configuration list for PBXProject "TopTest" */ = {
			isa = XCConfigurationList;
			buildConfigurations = (
				06DC6B201DC3D47900933AFF /* Debug */,
				06DC6B211DC3D47900933AFF /* Release */,
			);
			defaultConfigurationIsVisible = 0;
			defaultConfigurationName = Release;
		};
		06DC6B221DC3D47900933AFF /* Build configuration list for PBXNativeTarget "TopTest" */ = {
			isa = XCConfigurationList;
			buildConfigurations = (
				06DC6B231DC3D47900933AFF /* Debug */,
				06DC6B241DC3D47900933AFF /* Release */,
			);
			defaultConfigurationIsVisible = 0;
			defaultConfigurationName = Release;
		};
/* End XCConfigurationList section */
	};
	rootObject = 06DC6B031DC3D47900933AFF /* Project object */;
}
